// !$*UTF8*$!
{
	archiveVersion = 1;
	classes = {
	};
	objectVersion = 55;
	objects = {

/* Begin PBXBuildFile section */
		967B9E34288BE5DA0082E757 /* FoodAppApp.swift in Sources */ = {isa = PBXBuildFile; fileRef = 967B9E33288BE5DA0082E757 /* FoodAppApp.swift */; };
		967B9E36288BE5DA0082E757 /* ContentView.swift in Sources */ = {isa = PBXBuildFile; fileRef = 967B9E35288BE5DA0082E757 /* ContentView.swift */; };
		967B9E38288BE5DE0082E757 /* Assets.xcassets in Resources */ = {isa = PBXBuildFile; fileRef = 967B9E37288BE5DE0082E757 /* Assets.xcassets */; };
		967B9E3B288BE5DF0082E757 /* Preview Assets.xcassets in Resources */ = {isa = PBXBuildFile; fileRef = 967B9E3A288BE5DE0082E757 /* Preview Assets.xcassets */; };
		967B9E45288BE5DF0082E757 /* FoodAppTests.swift in Sources */ = {isa = PBXBuildFile; fileRef = 967B9E44288BE5DF0082E757 /* FoodAppTests.swift */; };
		967B9E4F288BE5DF0082E757 /* FoodAppUITests.swift in Sources */ = {isa = PBXBuildFile; fileRef = 967B9E4E288BE5DF0082E757 /* FoodAppUITests.swift */; };
		967B9E51288BE5DF0082E757 /* FoodAppUITestsLaunchTests.swift in Sources */ = {isa = PBXBuildFile; fileRef = 967B9E50288BE5DF0082E757 /* FoodAppUITestsLaunchTests.swift */; };
		967B9E60288BEA6E0082E757 /* Home.swift in Sources */ = {isa = PBXBuildFile; fileRef = 967B9E5F288BEA6E0082E757 /* Home.swift */; };
		967B9E62288C294D0082E757 /* Category.swift in Sources */ = {isa = PBXBuildFile; fileRef = 967B9E61288C294D0082E757 /* Category.swift */; };
		967B9E64288C4A970082E757 /* Popular.swift in Sources */ = {isa = PBXBuildFile; fileRef = 967B9E63288C4A970082E757 /* Popular.swift */; };
		967B9E66288C4C260082E757 /* PopularItemView.swift in Sources */ = {isa = PBXBuildFile; fileRef = 967B9E65288C4C260082E757 /* PopularItemView.swift */; };
		967B9E68288C56C70082E757 /* LandingPage.swift in Sources */ = {isa = PBXBuildFile; fileRef = 967B9E67288C56C70082E757 /* LandingPage.swift */; };
		967B9E6A288C59570082E757 /* CustomTabBar.swift in Sources */ = {isa = PBXBuildFile; fileRef = 967B9E69288C59570082E757 /* CustomTabBar.swift */; };
/* End PBXBuildFile section */

/* Begin PBXContainerItemProxy section */
		967B9E41288BE5DF0082E757 /* PBXContainerItemProxy */ = {
			isa = PBXContainerItemProxy;
			containerPortal = 967B9E28288BE5DA0082E757 /* Project object */;
			proxyType = 1;
			remoteGlobalIDString = 967B9E2F288BE5DA0082E757;
			remoteInfo = FoodApp;
		};
		967B9E4B288BE5DF0082E757 /* PBXContainerItemProxy */ = {
			isa = PBXContainerItemProxy;
			containerPortal = 967B9E28288BE5DA0082E757 /* Project object */;
			proxyType = 1;
			remoteGlobalIDString = 967B9E2F288BE5DA0082E757;
			remoteInfo = FoodApp;
		};
/* End PBXContainerItemProxy section */

/* Begin PBXFileReference section */
		967B9E30288BE5DA0082E757 /* FoodApp.app */ = {isa = PBXFileReference; explicitFileType = wrapper.application; includeInIndex = 0; path = FoodApp.app; sourceTree = BUILT_PRODUCTS_DIR; };
		967B9E33288BE5DA0082E757 /* FoodAppApp.swift */ = {isa = PBXFileReference; lastKnownFileType = sourcecode.swift; path = FoodAppApp.swift; sourceTree = "<group>"; };
		967B9E35288BE5DA0082E757 /* ContentView.swift */ = {isa = PBXFileReference; lastKnownFileType = sourcecode.swift; path = ContentView.swift; sourceTree = "<group>"; };
		967B9E37288BE5DE0082E757 /* Assets.xcassets */ = {isa = PBXFileReference; lastKnownFileType = folder.assetcatalog; path = Assets.xcassets; sourceTree = "<group>"; };
		967B9E3A288BE5DE0082E757 /* Preview Assets.xcassets */ = {isa = PBXFileReference; lastKnownFileType = folder.assetcatalog; path = "Preview Assets.xcassets"; sourceTree = "<group>"; };
		967B9E40288BE5DF0082E757 /* FoodAppTests.xctest */ = {isa = PBXFileReference; explicitFileType = wrapper.cfbundle; includeInIndex = 0; path = FoodAppTests.xctest; sourceTree = BUILT_PRODUCTS_DIR; };
		967B9E44288BE5DF0082E757 /* FoodAppTests.swift */ = {isa = PBXFileReference; lastKnownFileType = sourcecode.swift; path = FoodAppTests.swift; sourceTree = "<group>"; };
		967B9E4A288BE5DF0082E757 /* FoodAppUITests.xctest */ = {isa = PBXFileReference; explicitFileType = wrapper.cfbundle; includeInIndex = 0; path = FoodAppUITests.xctest; sourceTree = BUILT_PRODUCTS_DIR; };
		967B9E4E288BE5DF0082E757 /* FoodAppUITests.swift */ = {isa = PBXFileReference; lastKnownFileType = sourcecode.swift; path = FoodAppUITests.swift; sourceTree = "<group>"; };
		967B9E50288BE5DF0082E757 /* FoodAppUITestsLaunchTests.swift */ = {isa = PBXFileReference; lastKnownFileType = sourcecode.swift; path = FoodAppUITestsLaunchTests.swift; sourceTree = "<group>"; };
		967B9E5F288BEA6E0082E757 /* Home.swift */ = {isa = PBXFileReference; lastKnownFileType = sourcecode.swift; path = Home.swift; sourceTree = "<group>"; };
		967B9E61288C294D0082E757 /* Category.swift */ = {isa = PBXFileReference; lastKnownFileType = sourcecode.swift; path = Category.swift; sourceTree = "<group>"; };
		967B9E63288C4A970082E757 /* Popular.swift */ = {isa = PBXFileReference; lastKnownFileType = sourcecode.swift; path = Popular.swift; sourceTree = "<group>"; };
		967B9E65288C4C260082E757 /* PopularItemView.swift */ = {isa = PBXFileReference; lastKnownFileType = sourcecode.swift; path = PopularItemView.swift; sourceTree = "<group>"; };
		967B9E67288C56C70082E757 /* LandingPage.swift */ = {isa = PBXFileReference; lastKnownFileType = sourcecode.swift; path = LandingPage.swift; sourceTree = "<group>"; };
		967B9E69288C59570082E757 /* CustomTabBar.swift */ = {isa = PBXFileReference; lastKnownFileType = sourcecode.swift; path = CustomTabBar.swift; sourceTree = "<group>"; };
/* End PBXFileReference section */

/* Begin PBXFrameworksBuildPhase section */
		967B9E2D288BE5DA0082E757 /* Frameworks */ = {
			isa = PBXFrameworksBuildPhase;
			buildActionMask = 2147483647;
			files = (
			);
			runOnlyForDeploymentPostprocessing = 0;
		};
		967B9E3D288BE5DF0082E757 /* Frameworks */ = {
			isa = PBXFrameworksBuildPhase;
			buildActionMask = 2147483647;
			files = (
			);
			runOnlyForDeploymentPostprocessing = 0;
		};
		967B9E47288BE5DF0082E757 /* Frameworks */ = {
			isa = PBXFrameworksBuildPhase;
			buildActionMask = 2147483647;
			files = (
			);
			runOnlyForDeploymentPostprocessing = 0;
		};
/* End PBXFrameworksBuildPhase section */

/* Begin PBXGroup section */
		967B9E27288BE5DA0082E757 = {
			isa = PBXGroup;
			children = (
				967B9E32288BE5DA0082E757 /* FoodApp */,
				967B9E43288BE5DF0082E757 /* FoodAppTests */,
				967B9E4D288BE5DF0082E757 /* FoodAppUITests */,
				967B9E31288BE5DA0082E757 /* Products */,
			);
			sourceTree = "<group>";
		};
		967B9E31288BE5DA0082E757 /* Products */ = {
			isa = PBXGroup;
			children = (
				967B9E30288BE5DA0082E757 /* FoodApp.app */,
				967B9E40288BE5DF0082E757 /* FoodAppTests.xctest */,
				967B9E4A288BE5DF0082E757 /* FoodAppUITests.xctest */,
			);
			name = Products;
			sourceTree = "<group>";
		};
		967B9E32288BE5DA0082E757 /* FoodApp */ = {
			isa = PBXGroup;
			children = (
				967B9E5E288BEA600082E757 /* View */,
				967B9E5D288BEA580082E757 /* Model */,
				967B9E33288BE5DA0082E757 /* FoodAppApp.swift */,
				967B9E35288BE5DA0082E757 /* ContentView.swift */,
				967B9E37288BE5DE0082E757 /* Assets.xcassets */,
				967B9E39288BE5DE0082E757 /* Preview Content */,
			);
			path = FoodApp;
			sourceTree = "<group>";
		};
		967B9E39288BE5DE0082E757 /* Preview Content */ = {
			isa = PBXGroup;
			children = (
				967B9E3A288BE5DE0082E757 /* Preview Assets.xcassets */,
			);
			path = "Preview Content";
			sourceTree = "<group>";
		};
		967B9E43288BE5DF0082E757 /* FoodAppTests */ = {
			isa = PBXGroup;
			children = (
				967B9E44288BE5DF0082E757 /* FoodAppTests.swift */,
			);
			path = FoodAppTests;
			sourceTree = "<group>";
		};
		967B9E4D288BE5DF0082E757 /* FoodAppUITests */ = {
			isa = PBXGroup;
			children = (
				967B9E4E288BE5DF0082E757 /* FoodAppUITests.swift */,
				967B9E50288BE5DF0082E757 /* FoodAppUITestsLaunchTests.swift */,
			);
			path = FoodAppUITests;
			sourceTree = "<group>";
		};
		967B9E5D288BEA580082E757 /* Model */ = {
			isa = PBXGroup;
			children = (
				967B9E61288C294D0082E757 /* Category.swift */,
				967B9E63288C4A970082E757 /* Popular.swift */,
			);
			path = Model;
			sourceTree = "<group>";
		};
		967B9E5E288BEA600082E757 /* View */ = {
			isa = PBXGroup;
			children = (
				967B9E5F288BEA6E0082E757 /* Home.swift */,
				967B9E65288C4C260082E757 /* PopularItemView.swift */,
				967B9E67288C56C70082E757 /* LandingPage.swift */,
				967B9E69288C59570082E757 /* CustomTabBar.swift */,
			);
			path = View;
			sourceTree = "<group>";
		};
/* End PBXGroup section */

/* Begin PBXNativeTarget section */
		967B9E2F288BE5DA0082E757 /* FoodApp */ = {
			isa = PBXNativeTarget;
			buildConfigurationList = 967B9E54288BE5DF0082E757 /* Build configuration list for PBXNativeTarget "FoodApp" */;
			buildPhases = (
				967B9E2C288BE5DA0082E757 /* Sources */,
				967B9E2D288BE5DA0082E757 /* Frameworks */,
				967B9E2E288BE5DA0082E757 /* Resources */,
			);
			buildRules = (
			);
			dependencies = (
			);
			name = FoodApp;
			productName = FoodApp;
			productReference = 967B9E30288BE5DA0082E757 /* FoodApp.app */;
			productType = "com.apple.product-type.application";
		};
		967B9E3F288BE5DF0082E757 /* FoodAppTests */ = {
			isa = PBXNativeTarget;
			buildConfigurationList = 967B9E57288BE5DF0082E757 /* Build configuration list for PBXNativeTarget "FoodAppTests" */;
			buildPhases = (
				967B9E3C288BE5DF0082E757 /* Sources */,
				967B9E3D288BE5DF0082E757 /* Frameworks */,
				967B9E3E288BE5DF0082E757 /* Resources */,
			);
			buildRules = (
			);
			dependencies = (
				967B9E42288BE5DF0082E757 /* PBXTargetDependency */,
			);
			name = FoodAppTests;
			productName = FoodAppTests;
			productReference = 967B9E40288BE5DF0082E757 /* FoodAppTests.xctest */;
			productType = "com.apple.product-type.bundle.unit-test";
		};
		967B9E49288BE5DF0082E757 /* FoodAppUITests */ = {
			isa = PBXNativeTarget;
			buildConfigurationList = 967B9E5A288BE5DF0082E757 /* Build configuration list for PBXNativeTarget "FoodAppUITests" */;
			buildPhases = (
				967B9E46288BE5DF0082E757 /* Sources */,
				967B9E47288BE5DF0082E757 /* Frameworks */,
				967B9E48288BE5DF0082E757 /* Resources */,
			);
			buildRules = (
			);
			dependencies = (
				967B9E4C288BE5DF0082E757 /* PBXTargetDependency */,
			);
			name = FoodAppUITests;
			productName = FoodAppUITests;
			productReference = 967B9E4A288BE5DF0082E757 /* FoodAppUITests.xctest */;
			productType = "com.apple.product-type.bundle.ui-testing";
		};
/* End PBXNativeTarget section */

/* Begin PBXProject section */
		967B9E28288BE5DA0082E757 /* Project object */ = {
			isa = PBXProject;
			attributes = {
				BuildIndependentTargetsInParallel = 1;
				LastSwiftUpdateCheck = 1340;
				LastUpgradeCheck = 1340;
				TargetAttributes = {
					967B9E2F288BE5DA0082E757 = {
						CreatedOnToolsVersion = 13.4.1;
					};
					967B9E3F288BE5DF0082E757 = {
						CreatedOnToolsVersion = 13.4.1;
						TestTargetID = 967B9E2F288BE5DA0082E757;
					};
					967B9E49288BE5DF0082E757 = {
						CreatedOnToolsVersion = 13.4.1;
						TestTargetID = 967B9E2F288BE5DA0082E757;
					};
				};
			};
			buildConfigurationList = 967B9E2B288BE5DA0082E757 /* Build configuration list for PBXProject "FoodApp" */;
			compatibilityVersion = "Xcode 13.0";
			developmentRegion = en;
			hasScannedForEncodings = 0;
			knownRegions = (
				en,
				Base,
			);
			mainGroup = 967B9E27288BE5DA0082E757;
			productRefGroup = 967B9E31288BE5DA0082E757 /* Products */;
			projectDirPath = "";
			projectRoot = "";
			targets = (
				967B9E2F288BE5DA0082E757 /* FoodApp */,
				967B9E3F288BE5DF0082E757 /* FoodAppTests */,
				967B9E49288BE5DF0082E757 /* FoodAppUITests */,
			);
		};
/* End PBXProject section */

/* Begin PBXResourcesBuildPhase section */
		967B9E2E288BE5DA0082E757 /* Resources */ = {
			isa = PBXResourcesBuildPhase;
			buildActionMask = 2147483647;
			files = (
				967B9E3B288BE5DF0082E757 /* Preview Assets.xcassets in Resources */,
				967B9E38288BE5DE0082E757 /* Assets.xcassets in Resources */,
			);
			runOnlyForDeploymentPostprocessing = 0;
		};
		967B9E3E288BE5DF0082E757 /* Resources */ = {
			isa = PBXResourcesBuildPhase;
			buildActionMask = 2147483647;
			files = (
			);
			runOnlyForDeploymentPostprocessing = 0;
		};
		967B9E48288BE5DF0082E757 /* Resources */ = {
			isa = PBXResourcesBuildPhase;
			buildActionMask = 2147483647;
			files = (
			);
			runOnlyForDeploymentPostprocessing = 0;
		};
/* End PBXResourcesBuildPhase section */

/* Begin PBXSourcesBuildPhase section */
		967B9E2C288BE5DA0082E757 /* Sources */ = {
			isa = PBXSourcesBuildPhase;
			buildActionMask = 2147483647;
			files = (
				967B9E68288C56C70082E757 /* LandingPage.swift in Sources */,
				967B9E36288BE5DA0082E757 /* ContentView.swift in Sources */,
				967B9E64288C4A970082E757 /* Popular.swift in Sources */,
				967B9E60288BEA6E0082E757 /* Home.swift in Sources */,
				967B9E6A288C59570082E757 /* CustomTabBar.swift in Sources */,
				967B9E66288C4C260082E757 /* PopularItemView.swift in Sources */,
				967B9E34288BE5DA0082E757 /* FoodAppApp.swift in Sources */,
				967B9E62288C294D0082E757 /* Category.swift in Sources */,
			);
			runOnlyForDeploymentPostprocessing = 0;
		};
		967B9E3C288BE5DF0082E757 /* Sources */ = {
			isa = PBXSourcesBuildPhase;
			buildActionMask = 2147483647;
			files = (
				967B9E45288BE5DF0082E757 /* FoodAppTests.swift in Sources */,
			);
			runOnlyForDeploymentPostprocessing = 0;
		};
		967B9E46288BE5DF0082E757 /* Sources */ = {
			isa = PBXSourcesBuildPhase;
			buildActionMask = 2147483647;
			files = (
				967B9E51288BE5DF0082E757 /* FoodAppUITestsLaunchTests.swift in Sources */,
				967B9E4F288BE5DF0082E757 /* FoodAppUITests.swift in Sources */,
			);
			runOnlyForDeploymentPostprocessing = 0;
		};
/* End PBXSourcesBuildPhase section */

/* Begin PBXTargetDependency section */
		967B9E42288BE5DF0082E757 /* PBXTargetDependency */ = {
			isa = PBXTargetDependency;
			target = 967B9E2F288BE5DA0082E757 /* FoodApp */;
			targetProxy = 967B9E41288BE5DF0082E757 /* PBXContainerItemProxy */;
		};
		967B9E4C288BE5DF0082E757 /* PBXTargetDependency */ = {
			isa = PBXTargetDependency;
			target = 967B9E2F288BE5DA0082E757 /* FoodApp */;
			targetProxy = 967B9E4B288BE5DF0082E757 /* PBXContainerItemProxy */;
		};
/* End PBXTargetDependency section */

/* Begin XCBuildConfiguration section */
		967B9E52288BE5DF0082E757 /* Debug */ = {
			isa = XCBuildConfiguration;
			buildSettings = {
				ALWAYS_SEARCH_USER_PATHS = NO;
				CLANG_ANALYZER_NONNULL = YES;
				CLANG_ANALYZER_NUMBER_OBJECT_CONVERSION = YES_AGGRESSIVE;
				CLANG_CXX_LANGUAGE_STANDARD = "gnu++17";
				CLANG_ENABLE_MODULES = YES;
				CLANG_ENABLE_OBJC_ARC = YES;
				CLANG_ENABLE_OBJC_WEAK = YES;
				CLANG_WARN_BLOCK_CAPTURE_AUTORELEASING = YES;
				CLANG_WARN_BOOL_CONVERSION = YES;
				CLANG_WARN_COMMA = YES;
				CLANG_WARN_CONSTANT_CONVERSION = YES;
				CLANG_WARN_DEPRECATED_OBJC_IMPLEMENTATIONS = YES;
				CLANG_WARN_DIRECT_OBJC_ISA_USAGE = YES_ERROR;
				CLANG_WARN_DOCUMENTATION_COMMENTS = YES;
				CLANG_WARN_EMPTY_BODY = YES;
				CLANG_WARN_ENUM_CONVERSION = YES;
				CLANG_WARN_INFINITE_RECURSION = YES;
				CLANG_WARN_INT_CONVERSION = YES;
				CLANG_WARN_NON_LITERAL_NULL_CONVERSION = YES;
				CLANG_WARN_OBJC_IMPLICIT_RETAIN_SELF = YES;
				CLANG_WARN_OBJC_LITERAL_CONVERSION = YES;
				CLANG_WARN_OBJC_ROOT_CLASS = YES_ERROR;
				CLANG_WARN_QUOTED_INCLUDE_IN_FRAMEWORK_HEADER = YES;
				CLANG_WARN_RANGE_LOOP_ANALYSIS = YES;
				CLANG_WARN_STRICT_PROTOTYPES = YES;
				CLANG_WARN_SUSPICIOUS_MOVE = YES;
				CLANG_WARN_UNGUARDED_AVAILABILITY = YES_AGGRESSIVE;
				CLANG_WARN_UNREACHABLE_CODE = YES;
				CLANG_WARN__DUPLICATE_METHOD_MATCH = YES;
				COPY_PHASE_STRIP = NO;
				DEBUG_INFORMATION_FORMAT = dwarf;
				ENABLE_STRICT_OBJC_MSGSEND = YES;
				ENABLE_TESTABILITY = YES;
				GCC_C_LANGUAGE_STANDARD = gnu11;
				GCC_DYNAMIC_NO_PIC = NO;
				GCC_NO_COMMON_BLOCKS = YES;
				GCC_OPTIMIZATION_LEVEL = 0;
				GCC_PREPROCESSOR_DEFINITIONS = (
					"DEBUG=1",
					"$(inherited)",
				);
				GCC_WARN_64_TO_32_BIT_CONVERSION = YES;
				GCC_WARN_ABOUT_RETURN_TYPE = YES_ERROR;
				GCC_WARN_UNDECLARED_SELECTOR = YES;
				GCC_WARN_UNINITIALIZED_AUTOS = YES_AGGRESSIVE;
				GCC_WARN_UNUSED_FUNCTION = YES;
				GCC_WARN_UNUSED_VARIABLE = YES;
				IPHONEOS_DEPLOYMENT_TARGET = 15.5;
				MTL_ENABLE_DEBUG_INFO = INCLUDE_SOURCE;
				MTL_FAST_MATH = YES;
				ONLY_ACTIVE_ARCH = YES;
				SDKROOT = iphoneos;
				SWIFT_ACTIVE_COMPILATION_CONDITIONS = DEBUG;
				SWIFT_OPTIMIZATION_LEVEL = "-Onone";
			};
			name = Debug;
		};
		967B9E53288BE5DF0082E757 /* Release */ = {
			isa = XCBuildConfiguration;
			buildSettings = {
				ALWAYS_SEARCH_USER_PATHS = NO;
				CLANG_ANALYZER_NONNULL = YES;
				CLANG_ANALYZER_NUMBER_OBJECT_CONVERSION = YES_AGGRESSIVE;
				CLANG_CXX_LANGUAGE_STANDARD = "gnu++17";
				CLANG_ENABLE_MODULES = YES;
				CLANG_ENABLE_OBJC_ARC = YES;
				CLANG_ENABLE_OBJC_WEAK = YES;
				CLANG_WARN_BLOCK_CAPTURE_AUTORELEASING = YES;
				CLANG_WARN_BOOL_CONVERSION = YES;
				CLANG_WARN_COMMA = YES;
				CLANG_WARN_CONSTANT_CONVERSION = YES;
				CLANG_WARN_DEPRECATED_OBJC_IMPLEMENTATIONS = YES;
				CLANG_WARN_DIRECT_OBJC_ISA_USAGE = YES_ERROR;
				CLANG_WARN_DOCUMENTATION_COMMENTS = YES;
				CLANG_WARN_EMPTY_BODY = YES;
				CLANG_WARN_ENUM_CONVERSION = YES;
				CLANG_WARN_INFINITE_RECURSION = YES;
				CLANG_WARN_INT_CONVERSION = YES;
				CLANG_WARN_NON_LITERAL_NULL_CONVERSION = YES;
				CLANG_WARN_OBJC_IMPLICIT_RETAIN_SELF = YES;
				CLANG_WARN_OBJC_LITERAL_CONVERSION = YES;
				CLANG_WARN_OBJC_ROOT_CLASS = YES_ERROR;
				CLANG_WARN_QUOTED_INCLUDE_IN_FRAMEWORK_HEADER = YES;
				CLANG_WARN_RANGE_LOOP_ANALYSIS = YES;
				CLANG_WARN_STRICT_PROTOTYPES = YES;
				CLANG_WARN_SUSPICIOUS_MOVE = YES;
				CLANG_WARN_UNGUARDED_AVAILABILITY = YES_AGGRESSIVE;
				CLANG_WARN_UNREACHABLE_CODE = YES;
				CLANG_WARN__DUPLICATE_METHOD_MATCH = YES;
				COPY_PHASE_STRIP = NO;
				DEBUG_INFORMATION_FORMAT = "dwarf-with-dsym";
				ENABLE_NS_ASSERTIONS = NO;
				ENABLE_STRICT_OBJC_MSGSEND = YES;
				GCC_C_LANGUAGE_STANDARD = gnu11;
				GCC_NO_COMMON_BLOCKS = YES;
				GCC_WARN_64_TO_32_BIT_CONVERSION = YES;
				GCC_WARN_ABOUT_RETURN_TYPE = YES_ERROR;
				GCC_WARN_UNDECLARED_SELECTOR = YES;
				GCC_WARN_UNINITIALIZED_AUTOS = YES_AGGRESSIVE;
				GCC_WARN_UNUSED_FUNCTION = YES;
				GCC_WARN_UNUSED_VARIABLE = YES;
				IPHONEOS_DEPLOYMENT_TARGET = 15.5;
				MTL_ENABLE_DEBUG_INFO = NO;
				MTL_FAST_MATH = YES;
				SDKROOT = iphoneos;
				SWIFT_COMPILATION_MODE = wholemodule;
				SWIFT_OPTIMIZATION_LEVEL = "-O";
				VALIDATE_PRODUCT = YES;
			};
			name = Release;
		};
		967B9E55288BE5DF0082E757 /* Debug */ = {
			isa = XCBuildConfiguration;
			buildSettings = {
				ASSETCATALOG_COMPILER_APPICON_NAME = AppIcon;
				ASSETCATALOG_COMPILER_GLOBAL_ACCENT_COLOR_NAME = AccentColor;
				CODE_SIGN_STYLE = Automatic;
				CURRENT_PROJECT_VERSION = 1;
				DEVELOPMENT_ASSET_PATHS = "\"FoodApp/Preview Content\"";
				ENABLE_PREVIEWS = YES;
				GENERATE_INFOPLIST_FILE = YES;
				INFOPLIST_KEY_UIApplicationSceneManifest_Generation = YES;
				INFOPLIST_KEY_UIApplicationSupportsIndirectInputEvents = YES;
				INFOPLIST_KEY_UILaunchScreen_Generation = YES;
				INFOPLIST_KEY_UISupportedInterfaceOrientations_iPad = "UIInterfaceOrientationPortrait UIInterfaceOrientationPortraitUpsideDown UIInterfaceOrientationLandscapeLeft UIInterfaceOrientationLandscapeRight";
				INFOPLIST_KEY_UISupportedInterfaceOrientations_iPhone = "UIInterfaceOrientationPortrait UIInterfaceOrientationLandscapeLeft UIInterfaceOrientationLandscapeRight";
				LD_RUNPATH_SEARCH_PATHS = (
					"$(inherited)",
					"@executable_path/Frameworks",
				);
				MARKETING_VERSION = 1.0;
				PRODUCT_BUNDLE_IDENTIFIER = Mysolt.FoodApp;
				PRODUCT_NAME = "$(TARGET_NAME)";
				SWIFT_EMIT_LOC_STRINGS = YES;
				SWIFT_VERSION = 5.0;
				TARGETED_DEVICE_FAMILY = "1,2";
			};
			name = Debug;
		};
		967B9E56288BE5DF0082E757 /* Release */ = {
			isa = XCBuildConfiguration;
			buildSettings = {
				ASSETCATALOG_COMPILER_APPICON_NAME = AppIcon;
				ASSETCATALOG_COMPILER_GLOBAL_ACCENT_COLOR_NAME = AccentColor;
				CODE_SIGN_STYLE = Automatic;
				CURRENT_PROJECT_VERSION = 1;
				DEVELOPMENT_ASSET_PATHS = "\"FoodApp/Preview Content\"";
				ENABLE_PREVIEWS = YES;
				GENERATE_INFOPLIST_FILE = YES;
				INFOPLIST_KEY_UIApplicationSceneManifest_Generation = YES;
				INFOPLIST_KEY_UIApplicationSupportsIndirectInputEvents = YES;
				INFOPLIST_KEY_UILaunchScreen_Generation = YES;
				INFOPLIST_KEY_UISupportedInterfaceOrientations_iPad = "UIInterfaceOrientationPortrait UIInterfaceOrientationPortraitUpsideDown UIInterfaceOrientationLandscapeLeft UIInterfaceOrientationLandscapeRight";
				INFOPLIST_KEY_UISupportedInterfaceOrientations_iPhone = "UIInterfaceOrientationPortrait UIInterfaceOrientationLandscapeLeft UIInterfaceOrientationLandscapeRight";
				LD_RUNPATH_SEARCH_PATHS = (
					"$(inherited)",
					"@executable_path/Frameworks",
				);
				MARKETING_VERSION = 1.0;
				PRODUCT_BUNDLE_IDENTIFIER = Mysolt.FoodApp;
				PRODUCT_NAME = "$(TARGET_NAME)";
				SWIFT_EMIT_LOC_STRINGS = YES;
				SWIFT_VERSION = 5.0;
				TARGETED_DEVICE_FAMILY = "1,2";
			};
			name = Release;
		};
		967B9E58288BE5DF0082E757 /* Debug */ = {
			isa = XCBuildConfiguration;
			buildSettings = {
				ALWAYS_EMBED_SWIFT_STANDARD_LIBRARIES = YES;
				BUNDLE_LOADER = "$(TEST_HOST)";
				CODE_SIGN_STYLE = Automatic;
				CURRENT_PROJECT_VERSION = 1;
				GENERATE_INFOPLIST_FILE = YES;
				IPHONEOS_DEPLOYMENT_TARGET = 15.5;
				MARKETING_VERSION = 1.0;
				PRODUCT_BUNDLE_IDENTIFIER = Mysolt.FoodAppTests;
				PRODUCT_NAME = "$(TARGET_NAME)";
				SWIFT_EMIT_LOC_STRINGS = NO;
				SWIFT_VERSION = 5.0;
				TARGETED_DEVICE_FAMILY = "1,2";
				TEST_HOST = "$(BUILT_PRODUCTS_DIR)/FoodApp.app/FoodApp";
			};
			name = Debug;
		};
		967B9E59288BE5DF0082E757 /* Release */ = {
			isa = XCBuildConfiguration;
			buildSettings = {
				ALWAYS_EMBED_SWIFT_STANDARD_LIBRARIES = YES;
				BUNDLE_LOADER = "$(TEST_HOST)";
				CODE_SIGN_STYLE = Automatic;
				CURRENT_PROJECT_VERSION = 1;
				GENERATE_INFOPLIST_FILE = YES;
				IPHONEOS_DEPLOYMENT_TARGET = 15.5;
				MARKETING_VERSION = 1.0;
				PRODUCT_BUNDLE_IDENTIFIER = Mysolt.FoodAppTests;
				PRODUCT_NAME = "$(TARGET_NAME)";
				SWIFT_EMIT_LOC_STRINGS = NO;
				SWIFT_VERSION = 5.0;
				TARGETED_DEVICE_FAMILY = "1,2";
				TEST_HOST = "$(BUILT_PRODUCTS_DIR)/FoodApp.app/FoodApp";
			};
			name = Release;
		};
		967B9E5B288BE5DF0082E757 /* Debug */ = {
			isa = XCBuildConfiguration;
			buildSettings = {
				ALWAYS_EMBED_SWIFT_STANDARD_LIBRARIES = YES;
				CODE_SIGN_STYLE = Automatic;
				CURRENT_PROJECT_VERSION = 1;
				GENERATE_INFOPLIST_FILE = YES;
				MARKETING_VERSION = 1.0;
				PRODUCT_BUNDLE_IDENTIFIER = Mysolt.FoodAppUITests;
				PRODUCT_NAME = "$(TARGET_NAME)";
				SWIFT_EMIT_LOC_STRINGS = NO;
				SWIFT_VERSION = 5.0;
				TARGETED_DEVICE_FAMILY = "1,2";
				TEST_TARGET_NAME = FoodApp;
			};
			name = Debug;
		};
		967B9E5C288BE5DF0082E757 /* Release */ = {
			isa = XCBuildConfiguration;
			buildSettings = {
				ALWAYS_EMBED_SWIFT_STANDARD_LIBRARIES = YES;
				CODE_SIGN_STYLE = Automatic;
				CURRENT_PROJECT_VERSION = 1;
				GENERATE_INFOPLIST_FILE = YES;
				MARKETING_VERSION = 1.0;
				PRODUCT_BUNDLE_IDENTIFIER = Mysolt.FoodAppUITests;
				PRODUCT_NAME = "$(TARGET_NAME)";
				SWIFT_EMIT_LOC_STRINGS = NO;
				SWIFT_VERSION = 5.0;
				TARGETED_DEVICE_FAMILY = "1,2";
				TEST_TARGET_NAME = FoodApp;
			};
			name = Release;
		};
/* End XCBuildConfiguration section */

/* Begin XCConfigurationList section */
		967B9E2B288BE5DA0082E757 /* Build configuration list for PBXProject "FoodApp" */ = {
			isa = XCConfigurationList;
			buildConfigurations = (
				967B9E52288BE5DF0082E757 /* Debug */,
				967B9E53288BE5DF0082E757 /* Release */,
			);
			defaultConfigurationIsVisible = 0;
			defaultConfigurationName = Release;
		};
		967B9E54288BE5DF0082E757 /* Build configuration list for PBXNativeTarget "FoodApp" */ = {
			isa = XCConfigurationList;
			buildConfigurations = (
				967B9E55288BE5DF0082E757 /* Debug */,
				967B9E56288BE5DF0082E757 /* Release */,
			);
			defaultConfigurationIsVisible = 0;
			defaultConfigurationName = Release;
		};
		967B9E57288BE5DF0082E757 /* Build configuration list for PBXNativeTarget "FoodAppTests" */ = {
			isa = XCConfigurationList;
			buildConfigurations = (
				967B9E58288BE5DF0082E757 /* Debug */,
				967B9E59288BE5DF0082E757 /* Release */,
			);
			defaultConfigurationIsVisible = 0;
			defaultConfigurationName = Release;
		};
		967B9E5A288BE5DF0082E757 /* Build configuration list for PBXNativeTarget "FoodAppUITests" */ = {
			isa = XCConfigurationList;
			buildConfigurations = (
				967B9E5B288BE5DF0082E757 /* Debug */,
				967B9E5C288BE5DF0082E757 /* Release */,
			);
			defaultConfigurationIsVisible = 0;
			defaultConfigurationName = Release;
		};
/* End XCConfigurationList section */
	};
	rootObject = 967B9E28288BE5DA0082E757 /* Project object */;
}
